
Microsoft Visual Studio Solution File, Format Version 12.00
# Visual Studio Version 16
VisualStudioVersion = 16.0.31424.327
MinimumVisualStudioVersion = 10.0.40219.1
Project("{FAE04EC0-301F-11D3-BF4B-00C04F79EFBC}") = "PayrollRestApi", "PayrollRestApi\PayrollRestApi.csproj", "{651D5531-00AE-4C75-AD5B-6BD1C0B34567}"
EndProject
Project("{FAE04EC0-301F-11D3-BF4B-00C04F79EFBC}") = "PayrollRestAPITest", "PayrollRestAPITest\PayrollRestAPITest.csproj", "{A867B99B-CBF7-4CDF-A09A-8E67E0700770}"
EndProject
Global
	GlobalSection(SolutionConfigurationPlatforms) = preSolution
		Debug|Any CPU = Debug|Any CPU
		Release|Any CPU = Release|Any CPU
	EndGlobalSection
	GlobalSection(ProjectConfigurationPlatforms) = postSolution
		{651D5531-00AE-4C75-AD5B-6BD1C0B34567}.Debug|Any CPU.ActiveCfg = Debug|Any CPU
		{651D5531-00AE-4C75-AD5B-6BD1C0B34567}.Debug|Any CPU.Build.0 = Debug|Any CPU
		{651D5531-00AE-4C75-AD5B-6BD1C0B34567}.Release|Any CPU.ActiveCfg = Release|Any CPU
		{651D5531-00AE-4C75-AD5B-6BD1C0B34567}.Release|Any CPU.Build.0 = Release|Any CPU
		{A867B99B-CBF7-4CDF-A09A-8E67E0700770}.Debug|Any CPU.ActiveCfg = Debug|Any CPU
		{A867B99B-CBF7-4CDF-A09A-8E67E0700770}.Debug|Any CPU.Build.0 = Debug|Any CPU
		{A867B99B-CBF7-4CDF-A09A-8E67E0700770}.Release|Any CPU.ActiveCfg = Release|Any CPU
		{A867B99B-CBF7-4CDF-A09A-8E67E0700770}.Release|Any CPU.Build.0 = Release|Any CPU
	EndGlobalSection
	GlobalSection(SolutionProperties) = preSolution
		HideSolutionNode = FALSE
	EndGlobalSection
	GlobalSection(ExtensibilityGlobals) = postSolution
		SolutionGuid = {03392038-D912-49BE-B127-24E3FB3AF189}
	EndGlobalSection
EndGlobal
